
Microsoft Visual Studio Solution File, Format Version 12.00
# Visual Studio 15
VisualStudioVersion = 15.0.26730.15
MinimumVisualStudioVersion = 10.0.40219.1
Project("{FAE04EC0-301F-11D3-BF4B-00C04F79EFBC}") = "demo.THR.Infraestrutura.Persistencia", "demo.THR.Infraestrutura.Persistencia\demo.THR.Infraestrutura.Persistencia.csproj", "{8889B3B1-95AD-4CDD-AD8E-01355FF4A0EB}"
EndProject
Project("{2150E333-8FDC-42A3-9474-1A3956D46DE8}") = "0 - Arquitetura e Design", "0 - Arquitetura e Design", "{0877BE8D-0F5D-4FA3-8AA4-EB74ED45A093}"
EndProject
Project("{2150E333-8FDC-42A3-9474-1A3956D46DE8}") = "2.1 - Apresentação", "2.1 - Apresentação", "{62FFCF09-B465-40AD-936D-0897DBDFD44C}"
EndProject
Project("{2150E333-8FDC-42A3-9474-1A3956D46DE8}") = "2.2 - Serviços Distribuidos", "2.2 - Serviços Distribuidos", "{38F3D3E3-D178-4814-A0E6-91E5732342FB}"
EndProject
Project("{2150E333-8FDC-42A3-9474-1A3956D46DE8}") = "2 - Camadas", "2 - Camadas", "{CEF1192F-C427-40E7-B187-36A5348B8DFA}"
EndProject
Project("{2150E333-8FDC-42A3-9474-1A3956D46DE8}") = "1 - Dependências", "1 - Dependências", "{83B6D4F9-F675-4C3C-827C-4271A5A17113}"
EndProject
Project("{2150E333-8FDC-42A3-9474-1A3956D46DE8}") = "3 - Qualidade", "3 - Qualidade", "{24E24B3B-81FF-470F-9DF4-F1A18F23804E}"
EndProject
Project("{2150E333-8FDC-42A3-9474-1A3956D46DE8}") = "2.3 - Aplicação", "2.3 - Aplicação", "{A43EAAE9-76B6-4E71-A4A5-A712AEFC3ED5}"
EndProject
Project("{2150E333-8FDC-42A3-9474-1A3956D46DE8}") = "2.4 - Domínio", "2.4 - Domínio", "{D452A051-75B5-4B33-813F-0A86FEC3BFCB}"
EndProject
Project("{2150E333-8FDC-42A3-9474-1A3956D46DE8}") = "2.5 - Infraestrutura de Persitência", "2.5 - Infraestrutura de Persitência", "{B9DE650C-9293-4DCB-B8BC-DD75EBBE4519}"
EndProject
Project("{2150E333-8FDC-42A3-9474-1A3956D46DE8}") = "2.6 - Infraestrutura Vertical", "2.6 - Infraestrutura Vertical", "{E3EDE52B-5CB7-4881-802F-254FAA60C219}"
EndProject
Project("{2150E333-8FDC-42A3-9474-1A3956D46DE8}") = "3.1 - Testes Unitários", "3.1 - Testes Unitários", "{037A1DE0-8A64-4035-9042-6797F3E953D5}"
EndProject
Project("{2150E333-8FDC-42A3-9474-1A3956D46DE8}") = "3.2 - Testes de Carga", "3.2 - Testes de Carga", "{0376EFFD-E0D0-4D96-A772-492A1534C7E2}"
EndProject
Project("{2150E333-8FDC-42A3-9474-1A3956D46DE8}") = "3.3 - Testes de Integração", "3.3 - Testes de Integração", "{CA8CBF2B-CA8D-4117-B678-E8943D199A28}"
EndProject
Project("{2150E333-8FDC-42A3-9474-1A3956D46DE8}") = "3.4 - Testes de Interface", "3.4 - Testes de Interface", "{4091930D-8C36-4251-9F48-890F47CA8BD6}"
EndProject
Project("{FAE04EC0-301F-11D3-BF4B-00C04F79EFBC}") = "demo.THR.Infraestrutura.Comuns", "demo.THR.Infraestrutura.Comuns\demo.THR.Infraestrutura.Comuns.csproj", "{2576CEFE-199C-4412-8850-80D974E01E75}"
EndProject
Project("{FAE04EC0-301F-11D3-BF4B-00C04F79EFBC}") = "demo.THR.Dominio", "demo.THR.Dominio\demo.THR.Dominio.csproj", "{B5D811D5-C19E-478E-84F7-6FB710A3303F}"
EndProject
Project("{FAE04EC0-301F-11D3-BF4B-00C04F79EFBC}") = "demo.THR.Aplicacao", "demo.THR.Aplicacao\demo.THR.Aplicacao.csproj", "{4173E6FE-0000-4775-81A4-F14A6376B0BF}"
EndProject
Project("{FAE04EC0-301F-11D3-BF4B-00C04F79EFBC}") = "demo.THR.UI.Web", "demo.THR.UI.Web\demo.THR.UI.Web.csproj", "{99F0A3F8-CFFE-41A4-BC28-3ACC66582C29}"
EndProject
Project("{FAE04EC0-301F-11D3-BF4B-00C04F79EFBC}") = "demo.THR.Infraestrutura.Comuns.Testes", "demo.THR.Infraestrutura.Comuns.Testes\demo.THR.Infraestrutura.Comuns.Testes.csproj", "{6654B0E9-AC8F-4E3F-A400-42DD92CA6EBB}"
EndProject
Project("{FAE04EC0-301F-11D3-BF4B-00C04F79EFBC}") = "demo.THR.Dominio.Testes", "demo.THR.Dominio.Testes\demo.THR.Dominio.Testes.csproj", "{CAC820F1-EB35-473C-8FD3-6FB43B29C397}"
EndProject
Project("{FAE04EC0-301F-11D3-BF4B-00C04F79EFBC}") = "demo.Delegates.Tests", "demo.Delegates.Tests\demo.Delegates.Tests.csproj", "{EA29582B-6FCA-4EF7-A6E2-AAFF99B8B9EF}"
EndProject
Global
	GlobalSection(SolutionConfigurationPlatforms) = preSolution
		Debug|Any CPU = Debug|Any CPU
		Debug|x64 = Debug|x64
		Debug|x86 = Debug|x86
		Release.HomeOffice|Any CPU = Release.HomeOffice|Any CPU
		Release.HomeOffice|x64 = Release.HomeOffice|x64
		Release.HomeOffice|x86 = Release.HomeOffice|x86
		Release|Any CPU = Release|Any CPU
		Release|x64 = Release|x64
		Release|x86 = Release|x86
	EndGlobalSection
	GlobalSection(ProjectConfigurationPlatforms) = postSolution
		{8889B3B1-95AD-4CDD-AD8E-01355FF4A0EB}.Debug|Any CPU.ActiveCfg = Debug|Any CPU
		{8889B3B1-95AD-4CDD-AD8E-01355FF4A0EB}.Debug|Any CPU.Build.0 = Debug|Any CPU
		{8889B3B1-95AD-4CDD-AD8E-01355FF4A0EB}.Debug|x64.ActiveCfg = Debug|x64
		{8889B3B1-95AD-4CDD-AD8E-01355FF4A0EB}.Debug|x64.Build.0 = Debug|x64
		{8889B3B1-95AD-4CDD-AD8E-01355FF4A0EB}.Debug|x86.ActiveCfg = Debug|x86
		{8889B3B1-95AD-4CDD-AD8E-01355FF4A0EB}.Debug|x86.Build.0 = Debug|x86
		{8889B3B1-95AD-4CDD-AD8E-01355FF4A0EB}.Release.HomeOffice|Any CPU.ActiveCfg = Release.HomeOffice|Any CPU
		{8889B3B1-95AD-4CDD-AD8E-01355FF4A0EB}.Release.HomeOffice|Any CPU.Build.0 = Release.HomeOffice|Any CPU
		{8889B3B1-95AD-4CDD-AD8E-01355FF4A0EB}.Release.HomeOffice|x64.ActiveCfg = Release.HomeOffice|x64
		{8889B3B1-95AD-4CDD-AD8E-01355FF4A0EB}.Release.HomeOffice|x64.Build.0 = Release.HomeOffice|x64
		{8889B3B1-95AD-4CDD-AD8E-01355FF4A0EB}.Release.HomeOffice|x86.ActiveCfg = Release.HomeOffice|x86
		{8889B3B1-95AD-4CDD-AD8E-01355FF4A0EB}.Release.HomeOffice|x86.Build.0 = Release.HomeOffice|x86
		{8889B3B1-95AD-4CDD-AD8E-01355FF4A0EB}.Release|Any CPU.ActiveCfg = Release|Any CPU
		{8889B3B1-95AD-4CDD-AD8E-01355FF4A0EB}.Release|Any CPU.Build.0 = Release|Any CPU
		{8889B3B1-95AD-4CDD-AD8E-01355FF4A0EB}.Release|x64.ActiveCfg = Release|x64
		{8889B3B1-95AD-4CDD-AD8E-01355FF4A0EB}.Release|x64.Build.0 = Release|x64
		{8889B3B1-95AD-4CDD-AD8E-01355FF4A0EB}.Release|x86.ActiveCfg = Release|x86
		{8889B3B1-95AD-4CDD-AD8E-01355FF4A0EB}.Release|x86.Build.0 = Release|x86
		{2576CEFE-199C-4412-8850-80D974E01E75}.Debug|Any CPU.ActiveCfg = Debug|Any CPU
		{2576CEFE-199C-4412-8850-80D974E01E75}.Debug|Any CPU.Build.0 = Debug|Any CPU
		{2576CEFE-199C-4412-8850-80D974E01E75}.Debug|x64.ActiveCfg = Debug|x64
		{2576CEFE-199C-4412-8850-80D974E01E75}.Debug|x64.Build.0 = Debug|x64
		{2576CEFE-199C-4412-8850-80D974E01E75}.Debug|x86.ActiveCfg = Debug|x86
		{2576CEFE-199C-4412-8850-80D974E01E75}.Debug|x86.Build.0 = Debug|x86
		{2576CEFE-199C-4412-8850-80D974E01E75}.Release.HomeOffice|Any CPU.ActiveCfg = Release.HomeOffice|Any CPU
		{2576CEFE-199C-4412-8850-80D974E01E75}.Release.HomeOffice|Any CPU.Build.0 = Release.HomeOffice|Any CPU
		{2576CEFE-199C-4412-8850-80D974E01E75}.Release.HomeOffice|x64.ActiveCfg = Release.HomeOffice|x64
		{2576CEFE-199C-4412-8850-80D974E01E75}.Release.HomeOffice|x64.Build.0 = Release.HomeOffice|x64
		{2576CEFE-199C-4412-8850-80D974E01E75}.Release.HomeOffice|x86.ActiveCfg = Release.HomeOffice|x86
		{2576CEFE-199C-4412-8850-80D974E01E75}.Release.HomeOffice|x86.Build.0 = Release.HomeOffice|x86
		{2576CEFE-199C-4412-8850-80D974E01E75}.Release|Any CPU.ActiveCfg = Release|Any CPU
		{2576CEFE-199C-4412-8850-80D974E01E75}.Release|Any CPU.Build.0 = Release|Any CPU
		{2576CEFE-199C-4412-8850-80D974E01E75}.Release|x64.ActiveCfg = Release|x64
		{2576CEFE-199C-4412-8850-80D974E01E75}.Release|x64.Build.0 = Release|x64
		{2576CEFE-199C-4412-8850-80D974E01E75}.Release|x86.ActiveCfg = Release|x86
		{2576CEFE-199C-4412-8850-80D974E01E75}.Release|x86.Build.0 = Release|x86
		{B5D811D5-C19E-478E-84F7-6FB710A3303F}.Debug|Any CPU.ActiveCfg = Debug|Any CPU
		{B5D811D5-C19E-478E-84F7-6FB710A3303F}.Debug|Any CPU.Build.0 = Debug|Any CPU
		{B5D811D5-C19E-478E-84F7-6FB710A3303F}.Debug|x64.ActiveCfg = Debug|x64
		{B5D811D5-C19E-478E-84F7-6FB710A3303F}.Debug|x64.Build.0 = Debug|x64
		{B5D811D5-C19E-478E-84F7-6FB710A3303F}.Debug|x86.ActiveCfg = Debug|x86
		{B5D811D5-C19E-478E-84F7-6FB710A3303F}.Debug|x86.Build.0 = Debug|x86
		{B5D811D5-C19E-478E-84F7-6FB710A3303F}.Release.HomeOffice|Any CPU.ActiveCfg = Release.HomeOffice|Any CPU
		{B5D811D5-C19E-478E-84F7-6FB710A3303F}.Release.HomeOffice|Any CPU.Build.0 = Release.HomeOffice|Any CPU
		{B5D811D5-C19E-478E-84F7-6FB710A3303F}.Release.HomeOffice|x64.ActiveCfg = Release.HomeOffice|x64
		{B5D811D5-C19E-478E-84F7-6FB710A3303F}.Release.HomeOffice|x64.Build.0 = Release.HomeOffice|x64
		{B5D811D5-C19E-478E-84F7-6FB710A3303F}.Release.HomeOffice|x86.ActiveCfg = Release.HomeOffice|x86
		{B5D811D5-C19E-478E-84F7-6FB710A3303F}.Release.HomeOffice|x86.Build.0 = Release.HomeOffice|x86
		{B5D811D5-C19E-478E-84F7-6FB710A3303F}.Release|Any CPU.ActiveCfg = Release|Any CPU
		{B5D811D5-C19E-478E-84F7-6FB710A3303F}.Release|Any CPU.Build.0 = Release|Any CPU
		{B5D811D5-C19E-478E-84F7-6FB710A3303F}.Release|x64.ActiveCfg = Release|x64
		{B5D811D5-C19E-478E-84F7-6FB710A3303F}.Release|x64.Build.0 = Release|x64
		{B5D811D5-C19E-478E-84F7-6FB710A3303F}.Release|x86.ActiveCfg = Release|x86
		{B5D811D5-C19E-478E-84F7-6FB710A3303F}.Release|x86.Build.0 = Release|x86
		{4173E6FE-0000-4775-81A4-F14A6376B0BF}.Debug|Any CPU.ActiveCfg = Debug|Any CPU
		{4173E6FE-0000-4775-81A4-F14A6376B0BF}.Debug|Any CPU.Build.0 = Debug|Any CPU
		{4173E6FE-0000-4775-81A4-F14A6376B0BF}.Debug|x64.ActiveCfg = Debug|x64
		{4173E6FE-0000-4775-81A4-F14A6376B0BF}.Debug|x64.Build.0 = Debug|x64
		{4173E6FE-0000-4775-81A4-F14A6376B0BF}.Debug|x86.ActiveCfg = Debug|x86
		{4173E6FE-0000-4775-81A4-F14A6376B0BF}.Debug|x86.Build.0 = Debug|x86
		{4173E6FE-0000-4775-81A4-F14A6376B0BF}.Release.HomeOffice|Any CPU.ActiveCfg = Release.HomeOffice|Any CPU
		{4173E6FE-0000-4775-81A4-F14A6376B0BF}.Release.HomeOffice|Any CPU.Build.0 = Release.HomeOffice|Any CPU
		{4173E6FE-0000-4775-81A4-F14A6376B0BF}.Release.HomeOffice|x64.ActiveCfg = Release.HomeOffice|x64
		{4173E6FE-0000-4775-81A4-F14A6376B0BF}.Release.HomeOffice|x64.Build.0 = Release.HomeOffice|x64
		{4173E6FE-0000-4775-81A4-F14A6376B0BF}.Release.HomeOffice|x86.ActiveCfg = Release.HomeOffice|x86
		{4173E6FE-0000-4775-81A4-F14A6376B0BF}.Release.HomeOffice|x86.Build.0 = Release.HomeOffice|x86
		{4173E6FE-0000-4775-81A4-F14A6376B0BF}.Release|Any CPU.ActiveCfg = Release|Any CPU
		{4173E6FE-0000-4775-81A4-F14A6376B0BF}.Release|Any CPU.Build.0 = Release|Any CPU
		{4173E6FE-0000-4775-81A4-F14A6376B0BF}.Release|x64.ActiveCfg = Release|x64
		{4173E6FE-0000-4775-81A4-F14A6376B0BF}.Release|x64.Build.0 = Release|x64
		{4173E6FE-0000-4775-81A4-F14A6376B0BF}.Release|x86.ActiveCfg = Release|x86
		{4173E6FE-0000-4775-81A4-F14A6376B0BF}.Release|x86.Build.0 = Release|x86
		{99F0A3F8-CFFE-41A4-BC28-3ACC66582C29}.Debug|Any CPU.ActiveCfg = Debug|Any CPU
		{99F0A3F8-CFFE-41A4-BC28-3ACC66582C29}.Debug|Any CPU.Build.0 = Debug|Any CPU
		{99F0A3F8-CFFE-41A4-BC28-3ACC66582C29}.Debug|x64.ActiveCfg = Debug|x64
		{99F0A3F8-CFFE-41A4-BC28-3ACC66582C29}.Debug|x64.Build.0 = Debug|x64
		{99F0A3F8-CFFE-41A4-BC28-3ACC66582C29}.Debug|x86.ActiveCfg = Debug|x86
		{99F0A3F8-CFFE-41A4-BC28-3ACC66582C29}.Debug|x86.Build.0 = Debug|x86
		{99F0A3F8-CFFE-41A4-BC28-3ACC66582C29}.Release.HomeOffice|Any CPU.ActiveCfg = Release.HomeOffice|Any CPU
		{99F0A3F8-CFFE-41A4-BC28-3ACC66582C29}.Release.HomeOffice|Any CPU.Build.0 = Release.HomeOffice|Any CPU
		{99F0A3F8-CFFE-41A4-BC28-3ACC66582C29}.Release.HomeOffice|x64.ActiveCfg = Release.HomeOffice|x64
		{99F0A3F8-CFFE-41A4-BC28-3ACC66582C29}.Release.HomeOffice|x64.Build.0 = Release.HomeOffice|x64
		{99F0A3F8-CFFE-41A4-BC28-3ACC66582C29}.Release.HomeOffice|x86.ActiveCfg = Release.HomeOffice|x86
		{99F0A3F8-CFFE-41A4-BC28-3ACC66582C29}.Release.HomeOffice|x86.Build.0 = Release.HomeOffice|x86
		{99F0A3F8-CFFE-41A4-BC28-3ACC66582C29}.Release|Any CPU.ActiveCfg = Release|Any CPU
		{99F0A3F8-CFFE-41A4-BC28-3ACC66582C29}.Release|Any CPU.Build.0 = Release|Any CPU
		{99F0A3F8-CFFE-41A4-BC28-3ACC66582C29}.Release|x64.ActiveCfg = Release|x64
		{99F0A3F8-CFFE-41A4-BC28-3ACC66582C29}.Release|x64.Build.0 = Release|x64
		{99F0A3F8-CFFE-41A4-BC28-3ACC66582C29}.Release|x86.ActiveCfg = Release|x86
		{99F0A3F8-CFFE-41A4-BC28-3ACC66582C29}.Release|x86.Build.0 = Release|x86
		{6654B0E9-AC8F-4E3F-A400-42DD92CA6EBB}.Debug|Any CPU.ActiveCfg = Debug|Any CPU
		{6654B0E9-AC8F-4E3F-A400-42DD92CA6EBB}.Debug|Any CPU.Build.0 = Debug|Any CPU
		{6654B0E9-AC8F-4E3F-A400-42DD92CA6EBB}.Debug|x64.ActiveCfg = Debug|x64
		{6654B0E9-AC8F-4E3F-A400-42DD92CA6EBB}.Debug|x64.Build.0 = Debug|x64
		{6654B0E9-AC8F-4E3F-A400-42DD92CA6EBB}.Debug|x86.ActiveCfg = Debug|x86
		{6654B0E9-AC8F-4E3F-A400-42DD92CA6EBB}.Debug|x86.Build.0 = Debug|x86
		{6654B0E9-AC8F-4E3F-A400-42DD92CA6EBB}.Release.HomeOffice|Any CPU.ActiveCfg = Release.HomeOffice|Any CPU
		{6654B0E9-AC8F-4E3F-A400-42DD92CA6EBB}.Release.HomeOffice|Any CPU.Build.0 = Release.HomeOffice|Any CPU
		{6654B0E9-AC8F-4E3F-A400-42DD92CA6EBB}.Release.HomeOffice|x64.ActiveCfg = Release.HomeOffice|x64
		{6654B0E9-AC8F-4E3F-A400-42DD92CA6EBB}.Release.HomeOffice|x64.Build.0 = Release.HomeOffice|x64
		{6654B0E9-AC8F-4E3F-A400-42DD92CA6EBB}.Release.HomeOffice|x86.ActiveCfg = Release.HomeOffice|x86
		{6654B0E9-AC8F-4E3F-A400-42DD92CA6EBB}.Release.HomeOffice|x86.Build.0 = Release.HomeOffice|x86
		{6654B0E9-AC8F-4E3F-A400-42DD92CA6EBB}.Release|Any CPU.ActiveCfg = Release|Any CPU
		{6654B0E9-AC8F-4E3F-A400-42DD92CA6EBB}.Release|Any CPU.Build.0 = Release|Any CPU
		{6654B0E9-AC8F-4E3F-A400-42DD92CA6EBB}.Release|x64.ActiveCfg = Release|x64
		{6654B0E9-AC8F-4E3F-A400-42DD92CA6EBB}.Release|x64.Build.0 = Release|x64
		{6654B0E9-AC8F-4E3F-A400-42DD92CA6EBB}.Release|x86.ActiveCfg = Release|x86
		{6654B0E9-AC8F-4E3F-A400-42DD92CA6EBB}.Release|x86.Build.0 = Release|x86
		{CAC820F1-EB35-473C-8FD3-6FB43B29C397}.Debug|Any CPU.ActiveCfg = Debug|Any CPU
		{CAC820F1-EB35-473C-8FD3-6FB43B29C397}.Debug|Any CPU.Build.0 = Debug|Any CPU
		{CAC820F1-EB35-473C-8FD3-6FB43B29C397}.Debug|x64.ActiveCfg = Debug|x64
		{CAC820F1-EB35-473C-8FD3-6FB43B29C397}.Debug|x64.Build.0 = Debug|x64
		{CAC820F1-EB35-473C-8FD3-6FB43B29C397}.Debug|x86.ActiveCfg = Debug|x86
		{CAC820F1-EB35-473C-8FD3-6FB43B29C397}.Debug|x86.Build.0 = Debug|x86
		{CAC820F1-EB35-473C-8FD3-6FB43B29C397}.Release.HomeOffice|Any CPU.ActiveCfg = Release.HomeOffice|Any CPU
		{CAC820F1-EB35-473C-8FD3-6FB43B29C397}.Release.HomeOffice|Any CPU.Build.0 = Release.HomeOffice|Any CPU
		{CAC820F1-EB35-473C-8FD3-6FB43B29C397}.Release.HomeOffice|x64.ActiveCfg = Release.HomeOffice|x64
		{CAC820F1-EB35-473C-8FD3-6FB43B29C397}.Release.HomeOffice|x64.Build.0 = Release.HomeOffice|x64
		{CAC820F1-EB35-473C-8FD3-6FB43B29C397}.Release.HomeOffice|x86.ActiveCfg = Release.HomeOffice|x86
		{CAC820F1-EB35-473C-8FD3-6FB43B29C397}.Release.HomeOffice|x86.Build.0 = Release.HomeOffice|x86
		{CAC820F1-EB35-473C-8FD3-6FB43B29C397}.Release|Any CPU.ActiveCfg = Release|Any CPU
		{CAC820F1-EB35-473C-8FD3-6FB43B29C397}.Release|Any CPU.Build.0 = Release|Any CPU
		{CAC820F1-EB35-473C-8FD3-6FB43B29C397}.Release|x64.ActiveCfg = Release|x64
		{CAC820F1-EB35-473C-8FD3-6FB43B29C397}.Release|x64.Build.0 = Release|x64
		{CAC820F1-EB35-473C-8FD3-6FB43B29C397}.Release|x86.ActiveCfg = Release|x86
		{CAC820F1-EB35-473C-8FD3-6FB43B29C397}.Release|x86.Build.0 = Release|x86
		{EA29582B-6FCA-4EF7-A6E2-AAFF99B8B9EF}.Debug|Any CPU.ActiveCfg = Debug|Any CPU
		{EA29582B-6FCA-4EF7-A6E2-AAFF99B8B9EF}.Debug|Any CPU.Build.0 = Debug|Any CPU
		{EA29582B-6FCA-4EF7-A6E2-AAFF99B8B9EF}.Debug|x64.ActiveCfg = Debug|Any CPU
		{EA29582B-6FCA-4EF7-A6E2-AAFF99B8B9EF}.Debug|x64.Build.0 = Debug|Any CPU
		{EA29582B-6FCA-4EF7-A6E2-AAFF99B8B9EF}.Debug|x86.ActiveCfg = Debug|Any CPU
		{EA29582B-6FCA-4EF7-A6E2-AAFF99B8B9EF}.Debug|x86.Build.0 = Debug|Any CPU
		{EA29582B-6FCA-4EF7-A6E2-AAFF99B8B9EF}.Release.HomeOffice|Any CPU.ActiveCfg = Release|Any CPU
		{EA29582B-6FCA-4EF7-A6E2-AAFF99B8B9EF}.Release.HomeOffice|Any CPU.Build.0 = Release|Any CPU
		{EA29582B-6FCA-4EF7-A6E2-AAFF99B8B9EF}.Release.HomeOffice|x64.ActiveCfg = Release|Any CPU
		{EA29582B-6FCA-4EF7-A6E2-AAFF99B8B9EF}.Release.HomeOffice|x64.Build.0 = Release|Any CPU
		{EA29582B-6FCA-4EF7-A6E2-AAFF99B8B9EF}.Release.HomeOffice|x86.ActiveCfg = Release|Any CPU
		{EA29582B-6FCA-4EF7-A6E2-AAFF99B8B9EF}.Release.HomeOffice|x86.Build.0 = Release|Any CPU
		{EA29582B-6FCA-4EF7-A6E2-AAFF99B8B9EF}.Release|Any CPU.ActiveCfg = Release|Any CPU
		{EA29582B-6FCA-4EF7-A6E2-AAFF99B8B9EF}.Release|Any CPU.Build.0 = Release|Any CPU
		{EA29582B-6FCA-4EF7-A6E2-AAFF99B8B9EF}.Release|x64.ActiveCfg = Release|Any CPU
		{EA29582B-6FCA-4EF7-A6E2-AAFF99B8B9EF}.Release|x64.Build.0 = Release|Any CPU
		{EA29582B-6FCA-4EF7-A6E2-AAFF99B8B9EF}.Release|x86.ActiveCfg = Release|Any CPU
		{EA29582B-6FCA-4EF7-A6E2-AAFF99B8B9EF}.Release|x86.Build.0 = Release|Any CPU
	EndGlobalSection
	GlobalSection(SolutionProperties) = preSolution
		HideSolutionNode = FALSE
	EndGlobalSection
	GlobalSection(NestedProjects) = preSolution
		{8889B3B1-95AD-4CDD-AD8E-01355FF4A0EB} = {B9DE650C-9293-4DCB-B8BC-DD75EBBE4519}
		{037A1DE0-8A64-4035-9042-6797F3E953D5} = {24E24B3B-81FF-470F-9DF4-F1A18F23804E}
		{0376EFFD-E0D0-4D96-A772-492A1534C7E2} = {24E24B3B-81FF-470F-9DF4-F1A18F23804E}
		{CA8CBF2B-CA8D-4117-B678-E8943D199A28} = {24E24B3B-81FF-470F-9DF4-F1A18F23804E}
		{4091930D-8C36-4251-9F48-890F47CA8BD6} = {24E24B3B-81FF-470F-9DF4-F1A18F23804E}
		{2576CEFE-199C-4412-8850-80D974E01E75} = {E3EDE52B-5CB7-4881-802F-254FAA60C219}
		{B5D811D5-C19E-478E-84F7-6FB710A3303F} = {D452A051-75B5-4B33-813F-0A86FEC3BFCB}
		{4173E6FE-0000-4775-81A4-F14A6376B0BF} = {A43EAAE9-76B6-4E71-A4A5-A712AEFC3ED5}
		{99F0A3F8-CFFE-41A4-BC28-3ACC66582C29} = {62FFCF09-B465-40AD-936D-0897DBDFD44C}
		{6654B0E9-AC8F-4E3F-A400-42DD92CA6EBB} = {037A1DE0-8A64-4035-9042-6797F3E953D5}
		{CAC820F1-EB35-473C-8FD3-6FB43B29C397} = {037A1DE0-8A64-4035-9042-6797F3E953D5}
		{EA29582B-6FCA-4EF7-A6E2-AAFF99B8B9EF} = {037A1DE0-8A64-4035-9042-6797F3E953D5}
	EndGlobalSection
	GlobalSection(ExtensibilityGlobals) = postSolution
		SolutionGuid = {75722A03-5BB5-4412-9B54-02F23F81114A}
	EndGlobalSection
EndGlobal
